
Microsoft Visual Studio Solution File, Format Version 12.00
# Visual Studio Version 16
VisualStudioVersion = 16.0.29509.3
MinimumVisualStudioVersion = 10.0.40219.1
Project("{9A19103F-16F7-4668-BE54-9A1E7A4F7556}") = "DijkstraAlgorithm.Models", "DijkstraAlgorithm.Models\DijkstraAlgorithm.Models.csproj", "{FEB0CECA-4F13-4DE4-93D9-35AA3FF91159}"
EndProject
Project("{FAE04EC0-301F-11D3-BF4B-00C04F79EFBC}") = "DijkstraAlgorithm.App", "DijkstraAlgorithm.App\DijkstraAlgorithm.App.csproj", "{B21C473B-7E35-4CAA-A36D-7E3FDBC7C89E}"
EndProject
Global
	GlobalSection(SolutionConfigurationPlatforms) = preSolution
		Debug|Any CPU = Debug|Any CPU
		Release|Any CPU = Release|Any CPU
	EndGlobalSection
	GlobalSection(ProjectConfigurationPlatforms) = postSolution
		{FEB0CECA-4F13-4DE4-93D9-35AA3FF91159}.Debug|Any CPU.ActiveCfg = Debug|Any CPU
		{FEB0CECA-4F13-4DE4-93D9-35AA3FF91159}.Debug|Any CPU.Build.0 = Debug|Any CPU
		{FEB0CECA-4F13-4DE4-93D9-35AA3FF91159}.Release|Any CPU.ActiveCfg = Release|Any CPU
		{FEB0CECA-4F13-4DE4-93D9-35AA3FF91159}.Release|Any CPU.Build.0 = Release|Any CPU
		{B21C473B-7E35-4CAA-A36D-7E3FDBC7C89E}.Debug|Any CPU.ActiveCfg = Debug|Any CPU
		{B21C473B-7E35-4CAA-A36D-7E3FDBC7C89E}.Debug|Any CPU.Build.0 = Debug|Any CPU
		{B21C473B-7E35-4CAA-A36D-7E3FDBC7C89E}.Release|Any CPU.ActiveCfg = Release|Any CPU
		{B21C473B-7E35-4CAA-A36D-7E3FDBC7C89E}.Release|Any CPU.Build.0 = Release|Any CPU
	EndGlobalSection
	GlobalSection(SolutionProperties) = preSolution
		HideSolutionNode = FALSE
	EndGlobalSection
	GlobalSection(ExtensibilityGlobals) = postSolution
		SolutionGuid = {082DBEBD-BA76-47BC-9F7E-671E4D28B66C}
	EndGlobalSection
EndGlobal
